
Microsoft Visual Studio Solution File, Format Version 12.00
# Visual Studio 15
VisualStudioVersion = 15.0.26124.0
MinimumVisualStudioVersion = 15.0.26124.0
Project("{FAE04EC0-301F-11D3-BF4B-00C04F79EFBC}") = "BookProcessor", "BookProcessor\BookProcessor.csproj", "{C9C2437B-48F6-4D68-82ED-F1C23A164319}"
EndProject
Project("{FAE04EC0-301F-11D3-BF4B-00C04F79EFBC}") = "BookProcessor.Tests", "BookProcessor.Tests\BookProcessor.Tests.csproj", "{8771E11A-58B6-4D1B-8388-6B3FFFBD3B74}"
EndProject
Project("{FAE04EC0-301F-11D3-BF4B-00C04F79EFBC}") = "BookProcessor.NUnitTests", "BookProcessor.NUnitTests\BookProcessor.NUnitTests.csproj", "{C8BF8917-304E-4F46-A5F0-4E8DFF5709F5}"
EndProject
Global
	GlobalSection(SolutionConfigurationPlatforms) = preSolution
		Debug|Any CPU = Debug|Any CPU
		Debug|x64 = Debug|x64
		Debug|x86 = Debug|x86
		Release|Any CPU = Release|Any CPU
		Release|x64 = Release|x64
		Release|x86 = Release|x86
	EndGlobalSection
	GlobalSection(SolutionProperties) = preSolution
		HideSolutionNode = FALSE
	EndGlobalSection
	GlobalSection(ProjectConfigurationPlatforms) = postSolution
		{C9C2437B-48F6-4D68-82ED-F1C23A164319}.Debug|Any CPU.ActiveCfg = Debug|Any CPU
		{C9C2437B-48F6-4D68-82ED-F1C23A164319}.Debug|Any CPU.Build.0 = Debug|Any CPU
		{C9C2437B-48F6-4D68-82ED-F1C23A164319}.Debug|x64.ActiveCfg = Debug|Any CPU
		{C9C2437B-48F6-4D68-82ED-F1C23A164319}.Debug|x64.Build.0 = Debug|Any CPU
		{C9C2437B-48F6-4D68-82ED-F1C23A164319}.Debug|x86.ActiveCfg = Debug|Any CPU
		{C9C2437B-48F6-4D68-82ED-F1C23A164319}.Debug|x86.Build.0 = Debug|Any CPU
		{C9C2437B-48F6-4D68-82ED-F1C23A164319}.Release|Any CPU.ActiveCfg = Release|Any CPU
		{C9C2437B-48F6-4D68-82ED-F1C23A164319}.Release|Any CPU.Build.0 = Release|Any CPU
		{C9C2437B-48F6-4D68-82ED-F1C23A164319}.Release|x64.ActiveCfg = Release|Any CPU
		{C9C2437B-48F6-4D68-82ED-F1C23A164319}.Release|x64.Build.0 = Release|Any CPU
		{C9C2437B-48F6-4D68-82ED-F1C23A164319}.Release|x86.ActiveCfg = Release|Any CPU
		{C9C2437B-48F6-4D68-82ED-F1C23A164319}.Release|x86.Build.0 = Release|Any CPU
		{8771E11A-58B6-4D1B-8388-6B3FFFBD3B74}.Debug|Any CPU.ActiveCfg = Debug|Any CPU
		{8771E11A-58B6-4D1B-8388-6B3FFFBD3B74}.Debug|Any CPU.Build.0 = Debug|Any CPU
		{8771E11A-58B6-4D1B-8388-6B3FFFBD3B74}.Debug|x64.ActiveCfg = Debug|Any CPU
		{8771E11A-58B6-4D1B-8388-6B3FFFBD3B74}.Debug|x64.Build.0 = Debug|Any CPU
		{8771E11A-58B6-4D1B-8388-6B3FFFBD3B74}.Debug|x86.ActiveCfg = Debug|Any CPU
		{8771E11A-58B6-4D1B-8388-6B3FFFBD3B74}.Debug|x86.Build.0 = Debug|Any CPU
		{8771E11A-58B6-4D1B-8388-6B3FFFBD3B74}.Release|Any CPU.ActiveCfg = Release|Any CPU
		{8771E11A-58B6-4D1B-8388-6B3FFFBD3B74}.Release|Any CPU.Build.0 = Release|Any CPU
		{8771E11A-58B6-4D1B-8388-6B3FFFBD3B74}.Release|x64.ActiveCfg = Release|Any CPU
		{8771E11A-58B6-4D1B-8388-6B3FFFBD3B74}.Release|x64.Build.0 = Release|Any CPU
		{8771E11A-58B6-4D1B-8388-6B3FFFBD3B74}.Release|x86.ActiveCfg = Release|Any CPU
		{8771E11A-58B6-4D1B-8388-6B3FFFBD3B74}.Release|x86.Build.0 = Release|Any CPU
		{C8BF8917-304E-4F46-A5F0-4E8DFF5709F5}.Debug|Any CPU.ActiveCfg = Debug|Any CPU
		{C8BF8917-304E-4F46-A5F0-4E8DFF5709F5}.Debug|Any CPU.Build.0 = Debug|Any CPU
		{C8BF8917-304E-4F46-A5F0-4E8DFF5709F5}.Debug|x64.ActiveCfg = Debug|Any CPU
		{C8BF8917-304E-4F46-A5F0-4E8DFF5709F5}.Debug|x64.Build.0 = Debug|Any CPU
		{C8BF8917-304E-4F46-A5F0-4E8DFF5709F5}.Debug|x86.ActiveCfg = Debug|Any CPU
		{C8BF8917-304E-4F46-A5F0-4E8DFF5709F5}.Debug|x86.Build.0 = Debug|Any CPU
		{C8BF8917-304E-4F46-A5F0-4E8DFF5709F5}.Release|Any CPU.ActiveCfg = Release|Any CPU
		{C8BF8917-304E-4F46-A5F0-4E8DFF5709F5}.Release|Any CPU.Build.0 = Release|Any CPU
		{C8BF8917-304E-4F46-A5F0-4E8DFF5709F5}.Release|x64.ActiveCfg = Release|Any CPU
		{C8BF8917-304E-4F46-A5F0-4E8DFF5709F5}.Release|x64.Build.0 = Release|Any CPU
		{C8BF8917-304E-4F46-A5F0-4E8DFF5709F5}.Release|x86.ActiveCfg = Release|Any CPU
		{C8BF8917-304E-4F46-A5F0-4E8DFF5709F5}.Release|x86.Build.0 = Release|Any CPU
	EndGlobalSection
EndGlobal
