
Microsoft Visual Studio Solution File, Format Version 12.00
# Visual Studio 15
VisualStudioVersion = 15.0.26124.0
MinimumVisualStudioVersion = 15.0.26124.0
Project("{FAE04EC0-301F-11D3-BF4B-00C04F79EFBC}") = "BookHandler", "BookHandler\BookHandler.csproj", "{BACBC383-C5A6-4A87-BC81-D05E9FB1FF53}"
EndProject
Project("{FAE04EC0-301F-11D3-BF4B-00C04F79EFBC}") = "BookTypes", "..\book-types\BookTypes\BookTypes.csproj", "{FC1BE6F3-DF31-4D8A-AF8C-818710233277}"
EndProject
Project("{FAE04EC0-301F-11D3-BF4B-00C04F79EFBC}") = "BookInventorier", "..\book-inventorier\BookInventorier\BookInventorier.csproj", "{EE22D65A-81E0-41F5-8D12-778B6C2F5D7A}"
EndProject
Project("{FAE04EC0-301F-11D3-BF4B-00C04F79EFBC}") = "BookProcessor", "..\book-processor\BookProcessor\BookProcessor.csproj", "{34834D77-3963-4792-B2E7-F920639D2735}"
EndProject
Project("{FAE04EC0-301F-11D3-BF4B-00C04F79EFBC}") = "BookHandler.Tests", "BookHandler.Tests\BookHandler.Tests.csproj", "{16153969-17F9-4B28-AF1C-134C6E17BB0D}"
EndProject
Global
	GlobalSection(SolutionConfigurationPlatforms) = preSolution
		Debug|Any CPU = Debug|Any CPU
		Debug|x64 = Debug|x64
		Debug|x86 = Debug|x86
		Release|Any CPU = Release|Any CPU
		Release|x64 = Release|x64
		Release|x86 = Release|x86
	EndGlobalSection
	GlobalSection(SolutionProperties) = preSolution
		HideSolutionNode = FALSE
	EndGlobalSection
	GlobalSection(ProjectConfigurationPlatforms) = postSolution
		{BACBC383-C5A6-4A87-BC81-D05E9FB1FF53}.Debug|Any CPU.ActiveCfg = Debug|Any CPU
		{BACBC383-C5A6-4A87-BC81-D05E9FB1FF53}.Debug|Any CPU.Build.0 = Debug|Any CPU
		{BACBC383-C5A6-4A87-BC81-D05E9FB1FF53}.Debug|x64.ActiveCfg = Debug|Any CPU
		{BACBC383-C5A6-4A87-BC81-D05E9FB1FF53}.Debug|x64.Build.0 = Debug|Any CPU
		{BACBC383-C5A6-4A87-BC81-D05E9FB1FF53}.Debug|x86.ActiveCfg = Debug|Any CPU
		{BACBC383-C5A6-4A87-BC81-D05E9FB1FF53}.Debug|x86.Build.0 = Debug|Any CPU
		{BACBC383-C5A6-4A87-BC81-D05E9FB1FF53}.Release|Any CPU.ActiveCfg = Release|Any CPU
		{BACBC383-C5A6-4A87-BC81-D05E9FB1FF53}.Release|Any CPU.Build.0 = Release|Any CPU
		{BACBC383-C5A6-4A87-BC81-D05E9FB1FF53}.Release|x64.ActiveCfg = Release|Any CPU
		{BACBC383-C5A6-4A87-BC81-D05E9FB1FF53}.Release|x64.Build.0 = Release|Any CPU
		{BACBC383-C5A6-4A87-BC81-D05E9FB1FF53}.Release|x86.ActiveCfg = Release|Any CPU
		{BACBC383-C5A6-4A87-BC81-D05E9FB1FF53}.Release|x86.Build.0 = Release|Any CPU
		{FC1BE6F3-DF31-4D8A-AF8C-818710233277}.Debug|Any CPU.ActiveCfg = Debug|Any CPU
		{FC1BE6F3-DF31-4D8A-AF8C-818710233277}.Debug|Any CPU.Build.0 = Debug|Any CPU
		{FC1BE6F3-DF31-4D8A-AF8C-818710233277}.Debug|x64.ActiveCfg = Debug|Any CPU
		{FC1BE6F3-DF31-4D8A-AF8C-818710233277}.Debug|x64.Build.0 = Debug|Any CPU
		{FC1BE6F3-DF31-4D8A-AF8C-818710233277}.Debug|x86.ActiveCfg = Debug|Any CPU
		{FC1BE6F3-DF31-4D8A-AF8C-818710233277}.Debug|x86.Build.0 = Debug|Any CPU
		{FC1BE6F3-DF31-4D8A-AF8C-818710233277}.Release|Any CPU.ActiveCfg = Release|Any CPU
		{FC1BE6F3-DF31-4D8A-AF8C-818710233277}.Release|Any CPU.Build.0 = Release|Any CPU
		{FC1BE6F3-DF31-4D8A-AF8C-818710233277}.Release|x64.ActiveCfg = Release|Any CPU
		{FC1BE6F3-DF31-4D8A-AF8C-818710233277}.Release|x64.Build.0 = Release|Any CPU
		{FC1BE6F3-DF31-4D8A-AF8C-818710233277}.Release|x86.ActiveCfg = Release|Any CPU
		{FC1BE6F3-DF31-4D8A-AF8C-818710233277}.Release|x86.Build.0 = Release|Any CPU
		{EE22D65A-81E0-41F5-8D12-778B6C2F5D7A}.Debug|Any CPU.ActiveCfg = Debug|Any CPU
		{EE22D65A-81E0-41F5-8D12-778B6C2F5D7A}.Debug|Any CPU.Build.0 = Debug|Any CPU
		{EE22D65A-81E0-41F5-8D12-778B6C2F5D7A}.Debug|x64.ActiveCfg = Debug|Any CPU
		{EE22D65A-81E0-41F5-8D12-778B6C2F5D7A}.Debug|x64.Build.0 = Debug|Any CPU
		{EE22D65A-81E0-41F5-8D12-778B6C2F5D7A}.Debug|x86.ActiveCfg = Debug|Any CPU
		{EE22D65A-81E0-41F5-8D12-778B6C2F5D7A}.Debug|x86.Build.0 = Debug|Any CPU
		{EE22D65A-81E0-41F5-8D12-778B6C2F5D7A}.Release|Any CPU.ActiveCfg = Release|Any CPU
		{EE22D65A-81E0-41F5-8D12-778B6C2F5D7A}.Release|Any CPU.Build.0 = Release|Any CPU
		{EE22D65A-81E0-41F5-8D12-778B6C2F5D7A}.Release|x64.ActiveCfg = Release|Any CPU
		{EE22D65A-81E0-41F5-8D12-778B6C2F5D7A}.Release|x64.Build.0 = Release|Any CPU
		{EE22D65A-81E0-41F5-8D12-778B6C2F5D7A}.Release|x86.ActiveCfg = Release|Any CPU
		{EE22D65A-81E0-41F5-8D12-778B6C2F5D7A}.Release|x86.Build.0 = Release|Any CPU
		{34834D77-3963-4792-B2E7-F920639D2735}.Debug|Any CPU.ActiveCfg = Debug|Any CPU
		{34834D77-3963-4792-B2E7-F920639D2735}.Debug|Any CPU.Build.0 = Debug|Any CPU
		{34834D77-3963-4792-B2E7-F920639D2735}.Debug|x64.ActiveCfg = Debug|Any CPU
		{34834D77-3963-4792-B2E7-F920639D2735}.Debug|x64.Build.0 = Debug|Any CPU
		{34834D77-3963-4792-B2E7-F920639D2735}.Debug|x86.ActiveCfg = Debug|Any CPU
		{34834D77-3963-4792-B2E7-F920639D2735}.Debug|x86.Build.0 = Debug|Any CPU
		{34834D77-3963-4792-B2E7-F920639D2735}.Release|Any CPU.ActiveCfg = Release|Any CPU
		{34834D77-3963-4792-B2E7-F920639D2735}.Release|Any CPU.Build.0 = Release|Any CPU
		{34834D77-3963-4792-B2E7-F920639D2735}.Release|x64.ActiveCfg = Release|Any CPU
		{34834D77-3963-4792-B2E7-F920639D2735}.Release|x64.Build.0 = Release|Any CPU
		{34834D77-3963-4792-B2E7-F920639D2735}.Release|x86.ActiveCfg = Release|Any CPU
		{34834D77-3963-4792-B2E7-F920639D2735}.Release|x86.Build.0 = Release|Any CPU
		{16153969-17F9-4B28-AF1C-134C6E17BB0D}.Debug|Any CPU.ActiveCfg = Debug|Any CPU
		{16153969-17F9-4B28-AF1C-134C6E17BB0D}.Debug|Any CPU.Build.0 = Debug|Any CPU
		{16153969-17F9-4B28-AF1C-134C6E17BB0D}.Debug|x64.ActiveCfg = Debug|Any CPU
		{16153969-17F9-4B28-AF1C-134C6E17BB0D}.Debug|x64.Build.0 = Debug|Any CPU
		{16153969-17F9-4B28-AF1C-134C6E17BB0D}.Debug|x86.ActiveCfg = Debug|Any CPU
		{16153969-17F9-4B28-AF1C-134C6E17BB0D}.Debug|x86.Build.0 = Debug|Any CPU
		{16153969-17F9-4B28-AF1C-134C6E17BB0D}.Release|Any CPU.ActiveCfg = Release|Any CPU
		{16153969-17F9-4B28-AF1C-134C6E17BB0D}.Release|Any CPU.Build.0 = Release|Any CPU
		{16153969-17F9-4B28-AF1C-134C6E17BB0D}.Release|x64.ActiveCfg = Release|Any CPU
		{16153969-17F9-4B28-AF1C-134C6E17BB0D}.Release|x64.Build.0 = Release|Any CPU
		{16153969-17F9-4B28-AF1C-134C6E17BB0D}.Release|x86.ActiveCfg = Release|Any CPU
		{16153969-17F9-4B28-AF1C-134C6E17BB0D}.Release|x86.Build.0 = Release|Any CPU
	EndGlobalSection
EndGlobal
